
Microsoft Visual Studio Solution File, Format Version 12.00
# Visual Studio Version 17
VisualStudioVersion = 17.0.32014.148
MinimumVisualStudioVersion = 10.0.40219.1
Project("{FAE04EC0-301F-11D3-BF4B-00C04F79EFBC}") = "AdressBookImplementation", "AdressBookImplementation\AdressBookImplementation.csproj", "{3D2510C0-7D7B-4B57-872F-89B82B3E0B08}"
EndProject
Global
	GlobalSection(SolutionConfigurationPlatforms) = preSolution
		Debug|Any CPU = Debug|Any CPU
		Release|Any CPU = Release|Any CPU
	EndGlobalSection
	GlobalSection(ProjectConfigurationPlatforms) = postSolution
		{3D2510C0-7D7B-4B57-872F-89B82B3E0B08}.Debug|Any CPU.ActiveCfg = Debug|Any CPU
		{3D2510C0-7D7B-4B57-872F-89B82B3E0B08}.Debug|Any CPU.Build.0 = Debug|Any CPU
		{3D2510C0-7D7B-4B57-872F-89B82B3E0B08}.Release|Any CPU.ActiveCfg = Release|Any CPU
		{3D2510C0-7D7B-4B57-872F-89B82B3E0B08}.Release|Any CPU.Build.0 = Release|Any CPU
	EndGlobalSection
	GlobalSection(SolutionProperties) = preSolution
		HideSolutionNode = FALSE
	EndGlobalSection
	GlobalSection(ExtensibilityGlobals) = postSolution
		SolutionGuid = {2F39B337-0929-4BF5-B3CA-D42C1DB1A0FA}
	EndGlobalSection
EndGlobal
